{
  "version": 4,
  "terraform_version": "1.11.3",
  "serial": 463,
  "lineage": "17851576-0946-13cc-3172-03d2844a19ce",
  "outputs": {
    "alb_dns_name": {
      "value": "acc-alb-1528706310.ap-northeast-2.elb.amazonaws.com",
      "type": "string"
    },
    "ecr_repository_url": {
      "value": "904233093972.dkr.ecr.ap-northeast-2.amazonaws.com/acc-app",
      "type": "string"
    },
    "monitoring_private_ip": {
      "value": "172.16.11.143",
      "type": "string"
    },
    "monitoring_security_group_id": {
      "value": "sg-03441031b4df9a9af",
      "type": "string"
    },
    "private_subnet_ids": {
      "value": [
        "subnet-0f7c449da92f38297",
        "subnet-0e6a173f9e3590a42"
      ],
      "type": [
        "tuple",
        [
          "string",
          "string"
        ]
      ]
    },
    "public_subnet_ids": {
      "value": [
        "subnet-07644a463fae0f33f",
        "subnet-06dcd63247234d6c3"
      ],
      "type": [
        "tuple",
        [
          "string",
          "string"
        ]
      ]
    },
    "vpc_id": {
      "value": "vpc-022dda9b7b5611c29",
      "type": "string"
    }
  },
  "resources": [
    {
      "module": "module.alb",
      "mode": "managed",
      "type": "aws_lb",
      "name": "main",
      "provider": "provider[\"registry.terraform.io/hashicorp/aws\"]",
      "instances": [
        {
          "schema_version": 0,
          "attributes": {
            "access_logs": [
              {
                "bucket": "",
                "enabled": false,
                "prefix": ""
              }
            ],
            "arn": "arn:aws:elasticloadbalancing:ap-northeast-2:904233093972:loadbalancer/app/acc-alb/581b9c22b1c62ad2",
            "arn_suffix": "app/acc-alb/581b9c22b1c62ad2",
            "client_keep_alive": 3600,
            "connection_logs": [
              {
                "bucket": "",
                "enabled": false,
                "prefix": ""
              }
            ],
            "customer_owned_ipv4_pool": "",
            "desync_mitigation_mode": "defensive",
            "dns_name": "acc-alb-1528706310.ap-northeast-2.elb.amazonaws.com",
            "dns_record_client_routing_policy": null,
            "drop_invalid_header_fields": false,
            "enable_cross_zone_load_balancing": true,
            "enable_deletion_protection": false,
            "enable_http2": true,
            "enable_tls_version_and_cipher_suite_headers": false,
            "enable_waf_fail_open": false,
            "enable_xff_client_port": false,
            "enable_zonal_shift": false,
            "enforce_security_group_inbound_rules_on_private_link_traffic": "",
            "id": "arn:aws:elasticloadbalancing:ap-northeast-2:904233093972:loadbalancer/app/acc-alb/581b9c22b1c62ad2",
            "idle_timeout": 60,
            "internal": false,
            "ip_address_type": "ipv4",
            "ipam_pools": [],
            "load_balancer_type": "application",
            "minimum_load_balancer_capacity": [],
            "name": "acc-alb",
            "name_prefix": "",
            "preserve_host_header": false,
            "security_groups": [
              "sg-00948f511eef05a5c"
            ],
            "subnet_mapping": [
              {
                "allocation_id": "",
                "ipv6_address": "",
                "outpost_id": "",
                "private_ipv4_address": "",
                "subnet_id": "subnet-06dcd63247234d6c3"
              },
              {
                "allocation_id": "",
                "ipv6_address": "",
                "outpost_id": "",
                "private_ipv4_address": "",
                "subnet_id": "subnet-07644a463fae0f33f"
              }
            ],
            "subnets": [
              "subnet-06dcd63247234d6c3",
              "subnet-07644a463fae0f33f"
            ],
            "tags": {
              "Name": "acc-alb"
            },
            "tags_all": {
              "Name": "acc-alb"
            },
            "timeouts": null,
            "vpc_id": "vpc-022dda9b7b5611c29",
            "xff_header_processing_mode": "append",
            "zone_id": "ZWKZPGTI48KDX"
          },
          "sensitive_attributes": [],
          "private": "eyJlMmJmYjczMC1lY2FhLTExZTYtOGY4OC0zNDM2M2JjN2M0YzAiOnsiY3JlYXRlIjo2MDAwMDAwMDAwMDAsImRlbGV0ZSI6NjAwMDAwMDAwMDAwLCJ1cGRhdGUiOjYwMDAwMDAwMDAwMH19",
          "dependencies": [
            "module.alb.aws_security_group.alb",
            "module.vpc.aws_subnet.public_a",
            "module.vpc.aws_subnet.public_c",
            "module.vpc.aws_vpc.main"
          ]
        }
      ]
    },
    {
      "module": "module.alb",
      "mode": "managed",
      "type": "aws_lb_listener",
      "name": "http",
      "provider": "provider[\"registry.terraform.io/hashicorp/aws\"]",
      "instances": [
        {
          "schema_version": 0,
          "attributes": {
            "alpn_policy": null,
            "arn": "arn:aws:elasticloadbalancing:ap-northeast-2:904233093972:listener/app/acc-alb/581b9c22b1c62ad2/f5204da0b79aeb57",
            "certificate_arn": null,
            "default_action": [
              {
                "authenticate_cognito": [],
                "authenticate_oidc": [],
                "fixed_response": [],
                "forward": [],
                "order": 1,
                "redirect": [],
                "target_group_arn": "arn:aws:elasticloadbalancing:ap-northeast-2:904233093972:targetgroup/acc-backend-tg/92f925ccb444500b",
                "type": "forward"
              }
            ],
            "id": "arn:aws:elasticloadbalancing:ap-northeast-2:904233093972:listener/app/acc-alb/581b9c22b1c62ad2/f5204da0b79aeb57",
            "load_balancer_arn": "arn:aws:elasticloadbalancing:ap-northeast-2:904233093972:loadbalancer/app/acc-alb/581b9c22b1c62ad2",
            "mutual_authentication": [],
            "port": 80,
            "protocol": "HTTP",
            "routing_http_request_x_amzn_mtls_clientcert_header_name": null,
            "routing_http_request_x_amzn_mtls_clientcert_issuer_header_name": null,
            "routing_http_request_x_amzn_mtls_clientcert_leaf_header_name": null,
            "routing_http_request_x_amzn_mtls_clientcert_serial_number_header_name": null,
            "routing_http_request_x_amzn_mtls_clientcert_subject_header_name": null,
            "routing_http_request_x_amzn_mtls_clientcert_validity_header_name": null,
            "routing_http_request_x_amzn_tls_cipher_suite_header_name": null,
            "routing_http_request_x_amzn_tls_version_header_name": null,
            "routing_http_response_access_control_allow_credentials_header_value": "",
            "routing_http_response_access_control_allow_headers_header_value": "",
            "routing_http_response_access_control_allow_methods_header_value": "",
            "routing_http_response_access_control_allow_origin_header_value": "",
            "routing_http_response_access_control_expose_headers_header_value": "",
            "routing_http_response_access_control_max_age_header_value": "",
            "routing_http_response_content_security_policy_header_value": "",
            "routing_http_response_server_enabled": true,
            "routing_http_response_strict_transport_security_header_value": "",
            "routing_http_response_x_content_type_options_header_value": "",
            "routing_http_response_x_frame_options_header_value": "",
            "ssl_policy": "",
            "tags": null,
            "tags_all": {},
            "tcp_idle_timeout_seconds": null,
            "timeouts": null
          },
          "sensitive_attributes": [],
          "private": "eyJlMmJmYjczMC1lY2FhLTExZTYtOGY4OC0zNDM2M2JjN2M0YzAiOnsiY3JlYXRlIjozMDAwMDAwMDAwMDAsInVwZGF0ZSI6MzAwMDAwMDAwMDAwfX0=",
          "dependencies": [
            "module.alb.aws_lb.main",
            "module.alb.aws_lb_target_group.backend",
            "module.alb.aws_security_group.alb",
            "module.vpc.aws_subnet.public_a",
            "module.vpc.aws_subnet.public_c",
            "module.vpc.aws_vpc.main"
          ]
        }
      ]
    },
    {
      "module": "module.alb",
      "mode": "managed",
      "type": "aws_lb_target_group",
      "name": "backend",
      "provider": "provider[\"registry.terraform.io/hashicorp/aws\"]",
      "instances": [
        {
          "schema_version": 0,
          "attributes": {
            "arn": "arn:aws:elasticloadbalancing:ap-northeast-2:904233093972:targetgroup/acc-backend-tg/92f925ccb444500b",
            "arn_suffix": "targetgroup/acc-backend-tg/92f925ccb444500b",
            "connection_termination": null,
            "deregistration_delay": "300",
            "health_check": [
              {
                "enabled": true,
                "healthy_threshold": 2,
                "interval": 30,
                "matcher": "200",
                "path": "/health",
                "port": "traffic-port",
                "protocol": "HTTP",
                "timeout": 5,
                "unhealthy_threshold": 10
              }
            ],
            "id": "arn:aws:elasticloadbalancing:ap-northeast-2:904233093972:targetgroup/acc-backend-tg/92f925ccb444500b",
            "ip_address_type": "ipv4",
            "lambda_multi_value_headers_enabled": false,
            "load_balancer_arns": [],
            "load_balancing_algorithm_type": "round_robin",
            "load_balancing_anomaly_mitigation": "off",
            "load_balancing_cross_zone_enabled": "use_load_balancer_configuration",
            "name": "acc-backend-tg",
            "name_prefix": "",
            "port": 8080,
            "preserve_client_ip": null,
            "protocol": "HTTP",
            "protocol_version": "HTTP1",
            "proxy_protocol_v2": false,
            "slow_start": 0,
            "stickiness": [
              {
                "cookie_duration": 86400,
                "cookie_name": "",
                "enabled": false,
                "type": "lb_cookie"
              }
            ],
            "tags": {
              "Name": "acc-backend-alb-tg"
            },
            "tags_all": {
              "Name": "acc-backend-alb-tg"
            },
            "target_failover": [
              {
                "on_deregistration": null,
                "on_unhealthy": null
              }
            ],
            "target_group_health": [
              {
                "dns_failover": [
                  {
                    "minimum_healthy_targets_count": "1",
                    "minimum_healthy_targets_percentage": "off"
                  }
                ],
                "unhealthy_state_routing": [
                  {
                    "minimum_healthy_targets_count": 1,
                    "minimum_healthy_targets_percentage": "off"
                  }
                ]
              }
            ],
            "target_health_state": [
              {
                "enable_unhealthy_connection_termination": null,
                "unhealthy_draining_interval": null
              }
            ],
            "target_type": "instance",
            "vpc_id": "vpc-022dda9b7b5611c29"
          },
          "sensitive_attributes": [],
          "private": "bnVsbA==",
          "dependencies": [
            "module.vpc.aws_vpc.main"
          ]
        }
      ]
    },
    {
      "module": "module.alb",
      "mode": "managed",
      "type": "aws_security_group",
      "name": "alb",
      "provider": "provider[\"registry.terraform.io/hashicorp/aws\"]",
      "instances": [
        {
          "schema_version": 1,
          "attributes": {
            "arn": "arn:aws:ec2:ap-northeast-2:904233093972:security-group/sg-00948f511eef05a5c",
            "description": "Security group for ALB",
            "egress": [
              {
                "cidr_blocks": [
                  "0.0.0.0/0"
                ],
                "description": "",
                "from_port": 0,
                "ipv6_cidr_blocks": [],
                "prefix_list_ids": [],
                "protocol": "-1",
                "security_groups": [],
                "self": false,
                "to_port": 0
              }
            ],
            "id": "sg-00948f511eef05a5c",
            "ingress": [
              {
                "cidr_blocks": [
                  "0.0.0.0/0"
                ],
                "description": "",
                "from_port": 443,
                "ipv6_cidr_blocks": [],
                "prefix_list_ids": [],
                "protocol": "tcp",
                "security_groups": [],
                "self": false,
                "to_port": 443
              },
              {
                "cidr_blocks": [
                  "0.0.0.0/0"
                ],
                "description": "",
                "from_port": 80,
                "ipv6_cidr_blocks": [],
                "prefix_list_ids": [],
                "protocol": "tcp",
                "security_groups": [],
                "self": false,
                "to_port": 80
              }
            ],
            "name": "acc-alb-sg",
            "name_prefix": "",
            "owner_id": "904233093972",
            "revoke_rules_on_delete": false,
            "tags": {
              "Name": "acc-alb-sg"
            },
            "tags_all": {
              "Name": "acc-alb-sg"
            },
            "timeouts": null,
            "vpc_id": "vpc-022dda9b7b5611c29"
          },
          "sensitive_attributes": [],
          "private": "eyJlMmJmYjczMC1lY2FhLTExZTYtOGY4OC0zNDM2M2JjN2M0YzAiOnsiY3JlYXRlIjo2MDAwMDAwMDAwMDAsImRlbGV0ZSI6OTAwMDAwMDAwMDAwfSwic2NoZW1hX3ZlcnNpb24iOiIxIn0=",
          "dependencies": [
            "module.vpc.aws_vpc.main"
          ]
        }
      ]
    },
    {
      "module": "module.asg",
      "mode": "managed",
      "type": "aws_autoscaling_group",
      "name": "backend",
      "provider": "provider[\"registry.terraform.io/hashicorp/aws\"]",
      "instances": [
        {
          "schema_version": 1,
          "attributes": {
            "arn": "arn:aws:autoscaling:ap-northeast-2:904233093972:autoScalingGroup:ace4dc49-bb61-4afa-af14-a66aa82bcadc:autoScalingGroupName/acc-backend-asg",
            "availability_zone_distribution": [
              {
                "capacity_distribution_strategy": "balanced-best-effort"
              }
            ],
            "availability_zones": [
              "ap-northeast-2a",
              "ap-northeast-2c"
            ],
            "capacity_rebalance": false,
            "capacity_reservation_specification": [
              {
                "capacity_reservation_preference": "default",
                "capacity_reservation_target": []
              }
            ],
            "context": "",
            "default_cooldown": 300,
            "default_instance_warmup": 0,
            "desired_capacity": 2,
            "desired_capacity_type": "",
            "enabled_metrics": null,
            "force_delete": true,
            "force_delete_warm_pool": false,
            "health_check_grace_period": 300,
            "health_check_type": "EC2",
            "id": "acc-backend-asg",
            "ignore_failed_scaling_activities": false,
            "initial_lifecycle_hook": [],
            "instance_maintenance_policy": [],
            "instance_refresh": [],
            "launch_configuration": "",
            "launch_template": [
              {
                "id": "lt-0f23ad84fba993356",
                "name": "acc-backend-20250531010721672800000008",
                "version": "$Latest"
              }
            ],
            "load_balancers": [],
            "max_instance_lifetime": 0,
            "max_size": 4,
            "metrics_granularity": "1Minute",
            "min_elb_capacity": null,
            "min_size": 1,
            "mixed_instances_policy": [],
            "name": "acc-backend-asg",
            "name_prefix": "",
            "placement_group": "",
            "predicted_capacity": 0,
            "protect_from_scale_in": false,
            "service_linked_role_arn": "arn:aws:iam::904233093972:role/aws-service-role/autoscaling.amazonaws.com/AWSServiceRoleForAutoScaling",
            "suspended_processes": null,
            "tag": [
              {
                "key": "Name",
                "propagate_at_launch": true,
                "value": "acc-backend"
              }
            ],
            "target_group_arns": [
              "arn:aws:elasticloadbalancing:ap-northeast-2:904233093972:targetgroup/acc-backend-tg/92f925ccb444500b"
            ],
            "termination_policies": null,
            "timeouts": null,
            "traffic_source": [
              {
                "identifier": "arn:aws:elasticloadbalancing:ap-northeast-2:904233093972:targetgroup/acc-backend-tg/92f925ccb444500b",
                "type": "elbv2"
              }
            ],
            "vpc_zone_identifier": [
              "subnet-0e6a173f9e3590a42",
              "subnet-0f7c449da92f38297"
            ],
            "wait_for_capacity_timeout": "10m",
            "wait_for_elb_capacity": null,
            "warm_pool": [],
            "warm_pool_size": 0
          },
          "sensitive_attributes": [],
          "private": "eyJlMmJmYjczMC1lY2FhLTExZTYtOGY4OC0zNDM2M2JjN2M0YzAiOnsiZGVsZXRlIjo2MDAwMDAwMDAwMDAsInVwZGF0ZSI6NjAwMDAwMDAwMDAwfSwic2NoZW1hX3ZlcnNpb24iOiIxIn0=",
          "dependencies": [
            "module.alb.aws_lb_target_group.backend",
            "module.asg.aws_iam_instance_profile.ec2_profile",
            "module.asg.aws_iam_role.ec2_role",
            "module.asg.aws_launch_template.backend",
            "module.asg.aws_security_group.backend",
            "module.bastion.aws_security_group.bastion",
            "module.ecr.aws_ecr_repository.app",
            "module.monitoring.aws_instance.monitoring",
            "module.monitoring.aws_security_group.monitoring",
            "module.vpc.aws_subnet.private_a",
            "module.vpc.aws_subnet.private_c",
            "module.vpc.aws_vpc.main"
          ]
        }
      ]
    },
    {
      "module": "module.asg",
      "mode": "managed",
      "type": "aws_autoscaling_policy",
      "name": "scale_down",
      "provider": "provider[\"registry.terraform.io/hashicorp/aws\"]",
      "instances": [
        {
          "schema_version": 0,
          "attributes": {
            "adjustment_type": "ChangeInCapacity",
            "arn": "arn:aws:autoscaling:ap-northeast-2:904233093972:scalingPolicy:b685e8d2-086b-4642-8092-91b1b7d78a19:autoScalingGroupName/acc-backend-asg:policyName/acc-scale-down",
            "autoscaling_group_name": "acc-backend-asg",
            "cooldown": 300,
            "enabled": true,
            "estimated_instance_warmup": 0,
            "id": "acc-scale-down",
            "metric_aggregation_type": "",
            "min_adjustment_magnitude": 0,
            "name": "acc-scale-down",
            "policy_type": "SimpleScaling",
            "predictive_scaling_configuration": [],
            "scaling_adjustment": -1,
            "step_adjustment": [],
            "target_tracking_configuration": []
          },
          "sensitive_attributes": [],
          "private": "bnVsbA==",
          "dependencies": [
            "module.alb.aws_lb_target_group.backend",
            "module.asg.aws_autoscaling_group.backend",
            "module.asg.aws_iam_instance_profile.ec2_profile",
            "module.asg.aws_iam_role.ec2_role",
            "module.asg.aws_launch_template.backend",
            "module.asg.aws_security_group.backend",
            "module.bastion.aws_security_group.bastion",
            "module.ecr.aws_ecr_repository.app",
            "module.monitoring.aws_instance.monitoring",
            "module.monitoring.aws_security_group.monitoring",
            "module.vpc.aws_subnet.private_a",
            "module.vpc.aws_subnet.private_c",
            "module.vpc.aws_vpc.main"
          ]
        }
      ]
    },
    {
      "module": "module.asg",
      "mode": "managed",
      "type": "aws_autoscaling_policy",
      "name": "scale_up",
      "provider": "provider[\"registry.terraform.io/hashicorp/aws\"]",
      "instances": [
        {
          "schema_version": 0,
          "attributes": {
            "adjustment_type": "ChangeInCapacity",
            "arn": "arn:aws:autoscaling:ap-northeast-2:904233093972:scalingPolicy:1c6012b1-20a7-42d7-8a7d-eca8db50b42e:autoScalingGroupName/acc-backend-asg:policyName/acc-scale-up",
            "autoscaling_group_name": "acc-backend-asg",
            "cooldown": 300,
            "enabled": true,
            "estimated_instance_warmup": 0,
            "id": "acc-scale-up",
            "metric_aggregation_type": "",
            "min_adjustment_magnitude": 0,
            "name": "acc-scale-up",
            "policy_type": "SimpleScaling",
            "predictive_scaling_configuration": [],
            "scaling_adjustment": 1,
            "step_adjustment": [],
            "target_tracking_configuration": []
          },
          "sensitive_attributes": [],
          "private": "bnVsbA==",
          "dependencies": [
            "module.alb.aws_lb_target_group.backend",
            "module.asg.aws_autoscaling_group.backend",
            "module.asg.aws_iam_instance_profile.ec2_profile",
            "module.asg.aws_iam_role.ec2_role",
            "module.asg.aws_launch_template.backend",
            "module.asg.aws_security_group.backend",
            "module.bastion.aws_security_group.bastion",
            "module.ecr.aws_ecr_repository.app",
            "module.monitoring.aws_instance.monitoring",
            "module.monitoring.aws_security_group.monitoring",
            "module.vpc.aws_subnet.private_a",
            "module.vpc.aws_subnet.private_c",
            "module.vpc.aws_vpc.main"
          ]
        }
      ]
    },
    {
      "module": "module.asg",
      "mode": "managed",
      "type": "aws_iam_instance_profile",
      "name": "ec2_profile",
      "provider": "provider[\"registry.terraform.io/hashicorp/aws\"]",
      "instances": [
        {
          "schema_version": 0,
          "attributes": {
            "arn": "arn:aws:iam::904233093972:instance-profile/acc-ec2-profile",
            "create_date": "2025-05-31T01:06:56Z",
            "id": "acc-ec2-profile",
            "name": "acc-ec2-profile",
            "name_prefix": "",
            "path": "/",
            "role": "acc-ec2-role",
            "tags": null,
            "tags_all": {},
            "unique_id": "AIPA5FCD6BNKP6ZACYQOD"
          },
          "sensitive_attributes": [],
          "private": "bnVsbA==",
          "dependencies": [
            "module.asg.aws_iam_role.ec2_role"
          ]
        }
      ]
    },
    {
      "module": "module.asg",
      "mode": "managed",
      "type": "aws_iam_role",
      "name": "ec2_role",
      "provider": "provider[\"registry.terraform.io/hashicorp/aws\"]",
      "instances": [
        {
          "schema_version": 0,
          "attributes": {
            "arn": "arn:aws:iam::904233093972:role/acc-ec2-role",
            "assume_role_policy": "{\"Statement\":[{\"Action\":\"sts:AssumeRole\",\"Effect\":\"Allow\",\"Principal\":{\"Service\":\"ec2.amazonaws.com\"}}],\"Version\":\"2012-10-17\"}",
            "create_date": "2025-05-31T01:06:55Z",
            "description": "",
            "force_detach_policies": false,
            "id": "acc-ec2-role",
            "inline_policy": [],
            "managed_policy_arns": [],
            "max_session_duration": 3600,
            "name": "acc-ec2-role",
            "name_prefix": "",
            "path": "/",
            "permissions_boundary": "",
            "tags": null,
            "tags_all": {},
            "unique_id": "AROA5FCD6BNKEMKTJZL72"
          },
          "sensitive_attributes": [],
          "private": "bnVsbA=="
        }
      ]
    },
    {
      "module": "module.asg",
      "mode": "managed",
      "type": "aws_iam_role_policy_attachment",
      "name": "ecr_readonly_attach",
      "provider": "provider[\"registry.terraform.io/hashicorp/aws\"]",
      "instances": [
        {
          "schema_version": 0,
          "attributes": {
            "id": "acc-ec2-role-20250531010656181700000001",
            "policy_arn": "arn:aws:iam::aws:policy/AmazonEC2ContainerRegistryReadOnly",
            "role": "acc-ec2-role"
          },
          "sensitive_attributes": [],
          "private": "bnVsbA==",
          "dependencies": [
            "module.asg.aws_iam_role.ec2_role"
          ]
        }
      ]
    },
    {
      "module": "module.asg",
      "mode": "managed",
      "type": "aws_launch_template",
      "name": "backend",
      "provider": "provider[\"registry.terraform.io/hashicorp/aws\"]",
      "instances": [
        {
          "schema_version": 0,
          "attributes": {
            "arn": "arn:aws:ec2:ap-northeast-2:904233093972:launch-template/lt-0f23ad84fba993356",
            "block_device_mappings": [],
            "capacity_reservation_specification": [],
            "cpu_options": [],
            "credit_specification": [],
            "default_version": 1,
            "description": "",
            "disable_api_stop": false,
            "disable_api_termination": false,
            "ebs_optimized": "",
            "elastic_gpu_specifications": [],
            "elastic_inference_accelerator": [],
            "enclave_options": [],
            "hibernation_options": [],
            "iam_instance_profile": [
              {
                "arn": "",
                "name": "acc-ec2-profile"
              }
            ],
            "id": "lt-0f23ad84fba993356",
            "image_id": "ami-0c9c942bd7bf113a2",
            "instance_initiated_shutdown_behavior": "",
            "instance_market_options": [],
            "instance_requirements": [],
            "instance_type": "t3.micro",
            "kernel_id": "",
            "key_name": "acc-key",
            "latest_version": 1,
            "license_specification": [],
            "maintenance_options": [],
            "metadata_options": [],
            "monitoring": [],
            "name": "acc-backend-20250531010721672800000008",
            "name_prefix": "acc-backend-",
            "network_interfaces": [
              {
                "associate_carrier_ip_address": "",
                "associate_public_ip_address": "false",
                "connection_tracking_specification": [],
                "delete_on_termination": "",
                "description": "",
                "device_index": 0,
                "ena_srd_specification": [],
                "interface_type": "",
                "ipv4_address_count": 0,
                "ipv4_addresses": null,
                "ipv4_prefix_count": 0,
                "ipv4_prefixes": null,
                "ipv6_address_count": 0,
                "ipv6_addresses": null,
                "ipv6_prefix_count": 0,
                "ipv6_prefixes": null,
                "network_card_index": 0,
                "network_interface_id": "",
                "primary_ipv6": "",
                "private_ip_address": "",
                "security_groups": [
                  "sg-0d39e65ab91e846ea"
                ],
                "subnet_id": ""
              }
            ],
            "placement": [],
            "private_dns_name_options": [],
            "ram_disk_id": "",
            "security_group_names": null,
            "tag_specifications": [
              {
                "resource_type": "instance",
                "tags": {
                  "Name": "acc-backend"
                }
              }
            ],
            "tags": null,
            "tags_all": {},
            "update_default_version": null,
            "user_data": "IyEvYmluL2Jhc2gKc3VkbyBta2RpciAtcCAvaG9tZS91YnVudHUvbG9ncwpzdWRvIGNob3duIHVidW50dTp1YnVudHUgL2hvbWUvdWJ1bnR1L2xvZ3MKZXhlYyA+IC9ob21lL3VidW50dS9sb2dzL3VzZXItZGF0YS5sb2cgMj4mMQpzZXQgLXgKCnVudGlsIGN1cmwgLXNmIGh0dHA6Ly9hcmNoaXZlLnVidW50dS5jb20gPiAvZGV2L251bGw7IGRvCiAgZWNobyAiW2Nsb3VkLWluaXRdIFdhaXRpbmcgZm9yIG5ldHdvcmsgdG8gYmUgcmVhZHkuLi4iCiAgc2xlZXAgMTAKZG9uZQoKc3VkbyBhcHQtZ2V0IHVwZGF0ZSAteQpzdWRvIGFwdC1nZXQgaW5zdGFsbCAteSBkb2NrZXIuaW8gdW56aXAgY3VybAoKIyDrj4Tsu6Qg7ISc67mE7IqkIOyLnOyekSDrsI8g6raM7ZWcIOyEpOyglQpzdWRvIHN5c3RlbWN0bCBlbmFibGUgZG9ja2VyCnN1ZG8gc3lzdGVtY3RsIHN0YXJ0IGRvY2tlcgpzdWRvIHVzZXJtb2QgLWFHIGRvY2tlciB1YnVudHUKIyAgTGludXjsl5DshJwg6re466O5IOuzgOqyveydgCDri6TsnYwg66Gc6re47J2467aA7YSwIOuwmOyYgeuQmOuvgOuhnCwg7ZiE7J6sIOyEuOyFmOyXkOyEnCBkb2NrZXIg6re466O5IOq2jO2VnCDsponsi5wg67CY7JiBCm5ld2dycCBkb2NrZXIKCiMgYXdzIGNsaSB2MiDshKTsuZgKY3VybCAiaHR0cHM6Ly9hd3NjbGkuYW1hem9uYXdzLmNvbS9hd3NjbGktZXhlLWxpbnV4LXg4Nl82NC56aXAiIC1vICJhd3NjbGl2Mi56aXAiCnVuemlwIC1vIGF3c2NsaXYyLnppcApzdWRvIC4vYXdzL2luc3RhbGwKCiMgUHJvbXRhaWwg7ISk7LmYCmNkIC9vcHQKc3VkbyBjdXJsIC1MIC1vIC90bXAvcHJvbXRhaWwtbGludXgtYW1kNjQuemlwIGh0dHBzOi8vZ2l0aHViLmNvbS9ncmFmYW5hL2xva2kvcmVsZWFzZXMvZG93bmxvYWQvdjIuOS4zL3Byb210YWlsLWxpbnV4LWFtZDY0LnppcApzdWRvIHVuemlwIC90bXAvcHJvbXRhaWwtbGludXgtYW1kNjQuemlwIC1kIC9vcHQKc3VkbyBtdiAvb3B0L3Byb210YWlsLWxpbnV4LWFtZDY0IC91c3IvbG9jYWwvYmluL3Byb210YWlsCnN1ZG8gY2htb2QgK3ggL3Vzci9sb2NhbC9iaW4vcHJvbXRhaWwKCiMgRUNSIOuhnOq3uOyduApzdWRvIGF3cyBlY3IgZ2V0LWxvZ2luLXBhc3N3b3JkIC0tcmVnaW9uIGFwLW5vcnRoZWFzdC0yIHwgZG9ja2VyIGxvZ2luIC0tdXNlcm5hbWUgQVdTIC0tcGFzc3dvcmQtc3RkaW4gOTA0MjMzMDkzOTcyLmRrci5lY3IuYXAtbm9ydGhlYXN0LTIuYW1hem9uYXdzLmNvbS9hY2MtYXBwCgojIOuPhOy7pCDsnbTrr7jsp4Ag7Iuk7ZaJCmRvY2tlciBwdWxsIDkwNDIzMzA5Mzk3Mi5ka3IuZWNyLmFwLW5vcnRoZWFzdC0yLmFtYXpvbmF3cy5jb20vYWNjLWFwcDpsYXRlc3QKZG9ja2VyIHJ1biAtZCAtcCA4MDgwOjgwODAgLS1uYW1lIGFjYy1hcHAgOTA0MjMzMDkzOTcyLmRrci5lY3IuYXAtbm9ydGhlYXN0LTIuYW1hem9uYXdzLmNvbS9hY2MtYXBwOmxhdGVzdAoKIyDtl6zsiqTssrTtgawKdW50aWwgY3VybCAtc2YgaHR0cDovL2xvY2FsaG9zdDo4MDgwL2hlYWx0aCB8IGdyZXAgLXEgIk9LIjsgZG8KICBzbGVlcCAxCmRvbmUKCiMg66Gc6re4IOuUlOugie2GoOumrCDsg53shLEg67CPIOyLrOuzvOumrSDrp4Htgawg7ISk7KCVCnN1ZG8gbWtkaXIgLXAgL2hvbWUvdWJ1bnR1L2xvZ3MKY29udGFpbmVyX2lkPSQoZG9ja2VyIGluc3BlY3QgLS1mb3JtYXQ9J3t7LklkfX0nIGFjYy1hcHApCmRvY2tlcl9sb2dfcGF0aD0iL3Zhci9saWIvZG9ja2VyL2NvbnRhaW5lcnMvJGNvbnRhaW5lcl9pZC8kY29udGFpbmVyX2lkLWpzb24ubG9nIgpzeW1saW5rX3BhdGg9Ii9ob21lL3VidW50dS9sb2dzL2FjYy5sb2ciCnN1ZG8gbG4gLXNmICIkZG9ja2VyX2xvZ19wYXRoIiAiJHN5bWxpbmtfcGF0aCIKCiMgUHJvbXRhaWwg7ISk7KCVIOuUlOugie2GoOumrCDsg53shLEKc3VkbyBta2RpciAtcCAvb3B0L3Byb210YWlsCgojIFByb210YWlsIOyEpOyglSDtjIzsnbwg7IOd7ISxCnN1ZG8gY2F0ID4gL29wdC9wcm9tdGFpbC9wcm9tdGFpbC1jb25maWcueWFtbCA8PEVPRgpzZXJ2ZXI6CiAgaHR0cF9saXN0ZW5fcG9ydDogOTA4MAogIGdycGNfbGlzdGVuX3BvcnQ6IDAKCnBvc2l0aW9uczoKICBmaWxlbmFtZTogL3RtcC9wb3NpdGlvbnMueWFtbAoKY2xpZW50czoKICAtIHVybDogaHR0cDovLzE3Mi4xNi4xMS4xNDM6MzEwMC9sb2tpL2FwaS92MS9wdXNoCgpzY3JhcGVfY29uZmlnczoKICAtIGpvYl9uYW1lOiBhY2MtYXBwCiAgICBzdGF0aWNfY29uZmlnczoKICAgICAgLSB0YXJnZXRzOgogICAgICAgICAgLSBsb2NhbGhvc3QKICAgICAgICBsYWJlbHM6CiAgICAgICAgICBqb2I6IGFjYy1hcHAKICAgICAgICAgIF9fcGF0aF9fOiAvaG9tZS91YnVudHUvbG9ncy9hY2MubG9nCgogICAgcGlwZWxpbmVfc3RhZ2VzOgogICAgICAtIGpzb246CiAgICAgICAgICBleHByZXNzaW9uczoKICAgICAgICAgICAgbG9nOiBsb2cKICAgICAgLSBvdXRwdXQ6CiAgICAgICAgICBzb3VyY2U6IGxvZwpFT0YKCiMg65SU66CJ7Yag66asIOuwjyDrgrTrtoAg7YyM7J28IOyGjOycoOyekCDrs4Dqsr0Kc3VkbyBjaG93biAtUiB1YnVudHU6dWJ1bnR1IC9ob21lL3VidW50dS9sb2dzCgojIFByb210YWlsIOyLpO2WiQpzdWRvIG5vaHVwIHByb210YWlsIC1jb25maWcuZmlsZT0vb3B0L3Byb210YWlsL3Byb210YWlsLWNvbmZpZy55YW1sID4gL2hvbWUvdWJ1bnR1L2xvZ3MvcHJvbXRhaWwubG9nIDI+JjEgJgo=",
            "vpc_security_group_ids": null
          },
          "sensitive_attributes": [],
          "private": "bnVsbA==",
          "dependencies": [
            "module.asg.aws_iam_instance_profile.ec2_profile",
            "module.asg.aws_iam_role.ec2_role",
            "module.asg.aws_security_group.backend",
            "module.bastion.aws_security_group.bastion",
            "module.ecr.aws_ecr_repository.app",
            "module.monitoring.aws_instance.monitoring",
            "module.monitoring.aws_security_group.monitoring",
            "module.vpc.aws_subnet.private_c",
            "module.vpc.aws_vpc.main"
          ]
        }
      ]
    },
    {
      "module": "module.asg",
      "mode": "managed",
      "type": "aws_security_group",
      "name": "backend",
      "provider": "provider[\"registry.terraform.io/hashicorp/aws\"]",
      "instances": [
        {
          "schema_version": 1,
          "attributes": {
            "arn": "arn:aws:ec2:ap-northeast-2:904233093972:security-group/sg-0d39e65ab91e846ea",
            "description": "Security group for backend EC2 instance",
            "egress": [
              {
                "cidr_blocks": [
                  "0.0.0.0/0"
                ],
                "description": "",
                "from_port": 0,
                "ipv6_cidr_blocks": [],
                "prefix_list_ids": [],
                "protocol": "-1",
                "security_groups": [],
                "self": false,
                "to_port": 0
              }
            ],
            "id": "sg-0d39e65ab91e846ea",
            "ingress": [
              {
                "cidr_blocks": [
                  "0.0.0.0/0"
                ],
                "description": "",
                "from_port": 8080,
                "ipv6_cidr_blocks": [],
                "prefix_list_ids": [],
                "protocol": "tcp",
                "security_groups": [],
                "self": false,
                "to_port": 8080
              },
              {
                "cidr_blocks": [],
                "description": "",
                "from_port": 22,
                "ipv6_cidr_blocks": [],
                "prefix_list_ids": [],
                "protocol": "tcp",
                "security_groups": [
                  "sg-078202e1dc9a41652"
                ],
                "self": false,
                "to_port": 22
              }
            ],
            "name": "acc-backend-sg",
            "name_prefix": "",
            "owner_id": "904233093972",
            "revoke_rules_on_delete": false,
            "tags": {
              "Name": "acc-backend-sg"
            },
            "tags_all": {
              "Name": "acc-backend-sg"
            },
            "timeouts": null,
            "vpc_id": "vpc-022dda9b7b5611c29"
          },
          "sensitive_attributes": [],
          "private": "eyJlMmJmYjczMC1lY2FhLTExZTYtOGY4OC0zNDM2M2JjN2M0YzAiOnsiY3JlYXRlIjo2MDAwMDAwMDAwMDAsImRlbGV0ZSI6OTAwMDAwMDAwMDAwfSwic2NoZW1hX3ZlcnNpb24iOiIxIn0=",
          "dependencies": [
            "module.bastion.aws_security_group.bastion",
            "module.vpc.aws_vpc.main"
          ]
        }
      ]
    },
    {
      "module": "module.bastion",
      "mode": "managed",
      "type": "aws_instance",
      "name": "bastion",
      "provider": "provider[\"registry.terraform.io/hashicorp/aws\"]",
      "instances": [
        {
          "schema_version": 1,
          "attributes": {
            "ami": "ami-0c9c942bd7bf113a2",
            "arn": "arn:aws:ec2:ap-northeast-2:904233093972:instance/i-0b9bd868a8d4ca8ad",
            "associate_public_ip_address": true,
            "availability_zone": "ap-northeast-2a",
            "capacity_reservation_specification": [
              {
                "capacity_reservation_preference": "open",
                "capacity_reservation_target": []
              }
            ],
            "cpu_core_count": 1,
            "cpu_options": [
              {
                "amd_sev_snp": "",
                "core_count": 1,
                "threads_per_core": 2
              }
            ],
            "cpu_threads_per_core": 2,
            "credit_specification": [
              {
                "cpu_credits": "unlimited"
              }
            ],
            "disable_api_stop": false,
            "disable_api_termination": false,
            "ebs_block_device": [],
            "ebs_optimized": false,
            "enable_primary_ipv6": null,
            "enclave_options": [
              {
                "enabled": false
              }
            ],
            "ephemeral_block_device": [],
            "get_password_data": false,
            "hibernation": false,
            "host_id": "",
            "host_resource_group_arn": null,
            "iam_instance_profile": "",
            "id": "i-0b9bd868a8d4ca8ad",
            "instance_initiated_shutdown_behavior": "stop",
            "instance_lifecycle": "",
            "instance_market_options": [],
            "instance_state": "running",
            "instance_type": "t3.micro",
            "ipv6_address_count": 0,
            "ipv6_addresses": [],
            "key_name": "acc-key",
            "launch_template": [],
            "maintenance_options": [
              {
                "auto_recovery": "default"
              }
            ],
            "metadata_options": [
              {
                "http_endpoint": "enabled",
                "http_protocol_ipv6": "disabled",
                "http_put_response_hop_limit": 1,
                "http_tokens": "optional",
                "instance_metadata_tags": "disabled"
              }
            ],
            "monitoring": false,
            "network_interface": [],
            "outpost_arn": "",
            "password_data": "",
            "placement_group": "",
            "placement_partition_number": 0,
            "primary_network_interface_id": "eni-09d12991db318237e",
            "private_dns": "ip-172-16-0-219.ap-northeast-2.compute.internal",
            "private_dns_name_options": [
              {
                "enable_resource_name_dns_a_record": false,
                "enable_resource_name_dns_aaaa_record": false,
                "hostname_type": "ip-name"
              }
            ],
            "private_ip": "172.16.0.219",
            "public_dns": "ec2-13-125-48-149.ap-northeast-2.compute.amazonaws.com",
            "public_ip": "13.125.48.149",
            "root_block_device": [
              {
                "delete_on_termination": true,
                "device_name": "/dev/sda1",
                "encrypted": false,
                "iops": 100,
                "kms_key_id": "",
                "tags": {},
                "tags_all": {},
                "throughput": 0,
                "volume_id": "vol-01984d8f20e790202",
                "volume_size": 8,
                "volume_type": "gp2"
              }
            ],
            "secondary_private_ips": [],
            "security_groups": [],
            "source_dest_check": true,
            "spot_instance_request_id": "",
            "subnet_id": "subnet-07644a463fae0f33f",
            "tags": {
              "Name": "acc-bastion"
            },
            "tags_all": {
              "Name": "acc-bastion"
            },
            "tenancy": "default",
            "timeouts": null,
            "user_data": null,
            "user_data_base64": null,
            "user_data_replace_on_change": false,
            "volume_tags": null,
            "vpc_security_group_ids": [
              "sg-078202e1dc9a41652"
            ]
          },
          "sensitive_attributes": [],
          "private": "eyJlMmJmYjczMC1lY2FhLTExZTYtOGY4OC0zNDM2M2JjN2M0YzAiOnsiY3JlYXRlIjo2MDAwMDAwMDAwMDAsImRlbGV0ZSI6MTIwMDAwMDAwMDAwMCwicmVhZCI6OTAwMDAwMDAwMDAwLCJ1cGRhdGUiOjYwMDAwMDAwMDAwMH0sInNjaGVtYV92ZXJzaW9uIjoiMSJ9",
          "dependencies": [
            "module.bastion.aws_security_group.bastion",
            "module.vpc.aws_subnet.public_a",
            "module.vpc.aws_subnet.public_c",
            "module.vpc.aws_vpc.main"
          ]
        }
      ]
    },
    {
      "module": "module.bastion",
      "mode": "managed",
      "type": "aws_security_group",
      "name": "bastion",
      "provider": "provider[\"registry.terraform.io/hashicorp/aws\"]",
      "instances": [
        {
          "schema_version": 1,
          "attributes": {
            "arn": "arn:aws:ec2:ap-northeast-2:904233093972:security-group/sg-078202e1dc9a41652",
            "description": "Managed by Terraform",
            "egress": [
              {
                "cidr_blocks": [
                  "0.0.0.0/0"
                ],
                "description": "",
                "from_port": 0,
                "ipv6_cidr_blocks": [],
                "prefix_list_ids": [],
                "protocol": "-1",
                "security_groups": [],
                "self": false,
                "to_port": 0
              }
            ],
            "id": "sg-078202e1dc9a41652",
            "ingress": [
              {
                "cidr_blocks": [
                  "0.0.0.0/0"
                ],
                "description": "",
                "from_port": 22,
                "ipv6_cidr_blocks": [],
                "prefix_list_ids": [],
                "protocol": "tcp",
                "security_groups": [],
                "self": false,
                "to_port": 22
              }
            ],
            "name": "acc-bastion-sg20250531010705907000000002",
            "name_prefix": "acc-bastion-sg",
            "owner_id": "904233093972",
            "revoke_rules_on_delete": false,
            "tags": {
              "Name": "acc-bastion-sg"
            },
            "tags_all": {
              "Name": "acc-bastion-sg"
            },
            "timeouts": null,
            "vpc_id": "vpc-022dda9b7b5611c29"
          },
          "sensitive_attributes": [],
          "private": "eyJlMmJmYjczMC1lY2FhLTExZTYtOGY4OC0zNDM2M2JjN2M0YzAiOnsiY3JlYXRlIjo2MDAwMDAwMDAwMDAsImRlbGV0ZSI6OTAwMDAwMDAwMDAwfSwic2NoZW1hX3ZlcnNpb24iOiIxIn0=",
          "dependencies": [
            "module.vpc.aws_vpc.main"
          ]
        }
      ]
    },
    {
      "module": "module.ecr",
      "mode": "managed",
      "type": "aws_ecr_repository",
      "name": "app",
      "provider": "provider[\"registry.terraform.io/hashicorp/aws\"]",
      "instances": [
        {
          "schema_version": 0,
          "attributes": {
            "arn": "arn:aws:ecr:ap-northeast-2:904233093972:repository/acc-app",
            "encryption_configuration": [
              {
                "encryption_type": "AES256",
                "kms_key": ""
              }
            ],
            "force_delete": null,
            "id": "acc-app",
            "image_scanning_configuration": [
              {
                "scan_on_push": false
              }
            ],
            "image_tag_mutability": "MUTABLE",
            "name": "acc-app",
            "registry_id": "904233093972",
            "repository_url": "904233093972.dkr.ecr.ap-northeast-2.amazonaws.com/acc-app",
            "tags": {
              "Name": "acc-ecr"
            },
            "tags_all": {
              "Name": "acc-ecr"
            },
            "timeouts": null
          },
          "sensitive_attributes": [],
          "private": "eyJlMmJmYjczMC1lY2FhLTExZTYtOGY4OC0zNDM2M2JjN2M0YzAiOnsiZGVsZXRlIjoxMjAwMDAwMDAwMDAwfX0="
        }
      ]
    },
    {
      "module": "module.monitoring",
      "mode": "managed",
      "type": "aws_instance",
      "name": "monitoring",
      "provider": "provider[\"registry.terraform.io/hashicorp/aws\"]",
      "instances": [
        {
          "schema_version": 1,
          "attributes": {
            "ami": "ami-0c9c942bd7bf113a2",
            "arn": "arn:aws:ec2:ap-northeast-2:904233093972:instance/i-061e1d5d4956b886c",
            "associate_public_ip_address": false,
            "availability_zone": "ap-northeast-2c",
            "capacity_reservation_specification": [
              {
                "capacity_reservation_preference": "open",
                "capacity_reservation_target": []
              }
            ],
            "cpu_core_count": 1,
            "cpu_options": [
              {
                "amd_sev_snp": "",
                "core_count": 1,
                "threads_per_core": 2
              }
            ],
            "cpu_threads_per_core": 2,
            "credit_specification": [
              {
                "cpu_credits": "unlimited"
              }
            ],
            "disable_api_stop": false,
            "disable_api_termination": false,
            "ebs_block_device": [],
            "ebs_optimized": false,
            "enable_primary_ipv6": null,
            "enclave_options": [
              {
                "enabled": false
              }
            ],
            "ephemeral_block_device": [],
            "get_password_data": false,
            "hibernation": false,
            "host_id": "",
            "host_resource_group_arn": null,
            "iam_instance_profile": "",
            "id": "i-061e1d5d4956b886c",
            "instance_initiated_shutdown_behavior": "stop",
            "instance_lifecycle": "",
            "instance_market_options": [],
            "instance_state": "running",
            "instance_type": "t3.micro",
            "ipv6_address_count": 0,
            "ipv6_addresses": [],
            "key_name": "acc-key",
            "launch_template": [],
            "maintenance_options": [
              {
                "auto_recovery": "default"
              }
            ],
            "metadata_options": [
              {
                "http_endpoint": "enabled",
                "http_protocol_ipv6": "disabled",
                "http_put_response_hop_limit": 1,
                "http_tokens": "optional",
                "instance_metadata_tags": "disabled"
              }
            ],
            "monitoring": false,
            "network_interface": [],
            "outpost_arn": "",
            "password_data": "",
            "placement_group": "",
            "placement_partition_number": 0,
            "primary_network_interface_id": "eni-06c79252c8656d0fa",
            "private_dns": "ip-172-16-11-143.ap-northeast-2.compute.internal",
            "private_dns_name_options": [
              {
                "enable_resource_name_dns_a_record": false,
                "enable_resource_name_dns_aaaa_record": false,
                "hostname_type": "ip-name"
              }
            ],
            "private_ip": "172.16.11.143",
            "public_dns": "",
            "public_ip": "",
            "root_block_device": [
              {
                "delete_on_termination": false,
                "device_name": "/dev/sda1",
                "encrypted": false,
                "iops": 3000,
                "kms_key_id": "",
                "tags": null,
                "tags_all": {},
                "throughput": 125,
                "volume_id": "vol-0d0538d9b8f952627",
                "volume_size": 10,
                "volume_type": "gp3"
              }
            ],
            "secondary_private_ips": [],
            "security_groups": [],
            "source_dest_check": true,
            "spot_instance_request_id": "",
            "subnet_id": "subnet-0e6a173f9e3590a42",
            "tags": {
              "Name": "acc-monitoring"
            },
            "tags_all": {
              "Name": "acc-monitoring"
            },
            "tenancy": "default",
            "timeouts": null,
            "user_data": "f318391b48df7dc7a95e2f351e320578fb6604fa",
            "user_data_base64": null,
            "user_data_replace_on_change": false,
            "volume_tags": null,
            "vpc_security_group_ids": [
              "sg-03441031b4df9a9af"
            ]
          },
          "sensitive_attributes": [],
          "private": "eyJlMmJmYjczMC1lY2FhLTExZTYtOGY4OC0zNDM2M2JjN2M0YzAiOnsiY3JlYXRlIjo2MDAwMDAwMDAwMDAsImRlbGV0ZSI6MTIwMDAwMDAwMDAwMCwicmVhZCI6OTAwMDAwMDAwMDAwLCJ1cGRhdGUiOjYwMDAwMDAwMDAwMH0sInNjaGVtYV92ZXJzaW9uIjoiMSJ9",
          "dependencies": [
            "module.bastion.aws_security_group.bastion",
            "module.monitoring.aws_security_group.monitoring",
            "module.vpc.aws_subnet.private_c",
            "module.vpc.aws_vpc.main"
          ]
        }
      ]
    },
    {
      "module": "module.monitoring",
      "mode": "managed",
      "type": "aws_security_group",
      "name": "monitoring",
      "provider": "provider[\"registry.terraform.io/hashicorp/aws\"]",
      "instances": [
        {
          "schema_version": 1,
          "attributes": {
            "arn": "arn:aws:ec2:ap-northeast-2:904233093972:security-group/sg-03441031b4df9a9af",
            "description": "Managed by Terraform",
            "egress": [
              {
                "cidr_blocks": [
                  "0.0.0.0/0"
                ],
                "description": "",
                "from_port": 0,
                "ipv6_cidr_blocks": [],
                "prefix_list_ids": [],
                "protocol": "-1",
                "security_groups": [],
                "self": false,
                "to_port": 0
              }
            ],
            "id": "sg-03441031b4df9a9af",
            "ingress": [
              {
                "cidr_blocks": [],
                "description": "",
                "from_port": 22,
                "ipv6_cidr_blocks": [],
                "prefix_list_ids": [],
                "protocol": "tcp",
                "security_groups": [
                  "sg-078202e1dc9a41652"
                ],
                "self": false,
                "to_port": 22
              },
              {
                "cidr_blocks": [],
                "description": "",
                "from_port": 3000,
                "ipv6_cidr_blocks": [],
                "prefix_list_ids": [],
                "protocol": "tcp",
                "security_groups": [
                  "sg-078202e1dc9a41652"
                ],
                "self": false,
                "to_port": 3000
              },
              {
                "cidr_blocks": [],
                "description": "",
                "from_port": 3100,
                "ipv6_cidr_blocks": [],
                "prefix_list_ids": [],
                "protocol": "tcp",
                "security_groups": [
                  "sg-078202e1dc9a41652"
                ],
                "self": false,
                "to_port": 3100
              }
            ],
            "name": "acc-monitoring-sg20250531010707614500000004",
            "name_prefix": "acc-monitoring-sg",
            "owner_id": "904233093972",
            "revoke_rules_on_delete": false,
            "tags": {
              "Name": "acc-monitoring-sg"
            },
            "tags_all": {
              "Name": "acc-monitoring-sg"
            },
            "timeouts": null,
            "vpc_id": "vpc-022dda9b7b5611c29"
          },
          "sensitive_attributes": [],
          "private": "eyJlMmJmYjczMC1lY2FhLTExZTYtOGY4OC0zNDM2M2JjN2M0YzAiOnsiY3JlYXRlIjo2MDAwMDAwMDAwMDAsImRlbGV0ZSI6OTAwMDAwMDAwMDAwfSwic2NoZW1hX3ZlcnNpb24iOiIxIn0=",
          "dependencies": [
            "module.bastion.aws_security_group.bastion",
            "module.vpc.aws_vpc.main"
          ]
        }
      ]
    },
    {
      "module": "module.nat",
      "mode": "managed",
      "type": "aws_eip",
      "name": "nat",
      "provider": "provider[\"registry.terraform.io/hashicorp/aws\"]",
      "instances": [
        {
          "schema_version": 0,
          "attributes": {
            "address": null,
            "allocation_id": "eipalloc-0a70d686057e06ad4",
            "arn": "arn:aws:ec2:ap-northeast-2:904233093972:elastic-ip/eipalloc-0a70d686057e06ad4",
            "associate_with_private_ip": null,
            "association_id": "",
            "carrier_ip": "",
            "customer_owned_ip": "",
            "customer_owned_ipv4_pool": "",
            "domain": "vpc",
            "id": "eipalloc-0a70d686057e06ad4",
            "instance": "",
            "ipam_pool_id": null,
            "network_border_group": "ap-northeast-2",
            "network_interface": "",
            "private_dns": null,
            "private_ip": "",
            "ptr_record": "",
            "public_dns": "ec2-52-79-81-217.ap-northeast-2.compute.amazonaws.com",
            "public_ip": "52.79.81.217",
            "public_ipv4_pool": "amazon",
            "tags": null,
            "tags_all": {},
            "timeouts": null,
            "vpc": true
          },
          "sensitive_attributes": [],
          "private": "eyJlMmJmYjczMC1lY2FhLTExZTYtOGY4OC0zNDM2M2JjN2M0YzAiOnsiZGVsZXRlIjoxODAwMDAwMDAwMDAsInJlYWQiOjkwMDAwMDAwMDAwMCwidXBkYXRlIjozMDAwMDAwMDAwMDB9fQ=="
        }
      ]
    },
    {
      "module": "module.nat",
      "mode": "managed",
      "type": "aws_nat_gateway",
      "name": "main",
      "provider": "provider[\"registry.terraform.io/hashicorp/aws\"]",
      "instances": [
        {
          "schema_version": 0,
          "attributes": {
            "allocation_id": "eipalloc-0a70d686057e06ad4",
            "association_id": "eipassoc-0cea90c5580de3fdf",
            "connectivity_type": "public",
            "id": "nat-02155f68dc33414d7",
            "network_interface_id": "eni-0e2c032200b0dff31",
            "private_ip": "172.16.0.149",
            "public_ip": "52.79.81.217",
            "secondary_allocation_ids": null,
            "secondary_private_ip_address_count": 0,
            "secondary_private_ip_addresses": [],
            "subnet_id": "subnet-07644a463fae0f33f",
            "tags": {
              "Name": "acc-nat"
            },
            "tags_all": {
              "Name": "acc-nat"
            },
            "timeouts": null
          },
          "sensitive_attributes": [],
          "private": "eyJlMmJmYjczMC1lY2FhLTExZTYtOGY4OC0zNDM2M2JjN2M0YzAiOnsiY3JlYXRlIjo2MDAwMDAwMDAwMDAsImRlbGV0ZSI6MTgwMDAwMDAwMDAwMCwidXBkYXRlIjo2MDAwMDAwMDAwMDB9fQ==",
          "dependencies": [
            "module.nat.aws_eip.nat",
            "module.vpc.aws_subnet.public_a",
            "module.vpc.aws_subnet.public_c",
            "module.vpc.aws_vpc.main"
          ]
        }
      ]
    },
    {
      "module": "module.nat",
      "mode": "managed",
      "type": "aws_route_table",
      "name": "private",
      "provider": "provider[\"registry.terraform.io/hashicorp/aws\"]",
      "instances": [
        {
          "schema_version": 0,
          "attributes": {
            "arn": "arn:aws:ec2:ap-northeast-2:904233093972:route-table/rtb-015a8a0ec8f688f98",
            "id": "rtb-015a8a0ec8f688f98",
            "owner_id": "904233093972",
            "propagating_vgws": [],
            "route": [
              {
                "carrier_gateway_id": "",
                "cidr_block": "0.0.0.0/0",
                "core_network_arn": "",
                "destination_prefix_list_id": "",
                "egress_only_gateway_id": "",
                "gateway_id": "",
                "ipv6_cidr_block": "",
                "local_gateway_id": "",
                "nat_gateway_id": "nat-02155f68dc33414d7",
                "network_interface_id": "",
                "transit_gateway_id": "",
                "vpc_endpoint_id": "",
                "vpc_peering_connection_id": ""
              }
            ],
            "tags": null,
            "tags_all": {},
            "timeouts": null,
            "vpc_id": "vpc-022dda9b7b5611c29"
          },
          "sensitive_attributes": [],
          "private": "eyJlMmJmYjczMC1lY2FhLTExZTYtOGY4OC0zNDM2M2JjN2M0YzAiOnsiY3JlYXRlIjozMDAwMDAwMDAwMDAsImRlbGV0ZSI6MzAwMDAwMDAwMDAwLCJ1cGRhdGUiOjEyMDAwMDAwMDAwMH19",
          "dependencies": [
            "module.nat.aws_eip.nat",
            "module.nat.aws_nat_gateway.main",
            "module.vpc.aws_subnet.public_a",
            "module.vpc.aws_subnet.public_c",
            "module.vpc.aws_vpc.main"
          ]
        }
      ]
    },
    {
      "module": "module.nat",
      "mode": "managed",
      "type": "aws_route_table_association",
      "name": "private_c",
      "provider": "provider[\"registry.terraform.io/hashicorp/aws\"]",
      "instances": [
        {
          "schema_version": 0,
          "attributes": {
            "gateway_id": "",
            "id": "rtbassoc-021af6b92314f5c85",
            "route_table_id": "rtb-015a8a0ec8f688f98",
            "subnet_id": "subnet-0e6a173f9e3590a42",
            "timeouts": null
          },
          "sensitive_attributes": [],
          "private": "eyJlMmJmYjczMC1lY2FhLTExZTYtOGY4OC0zNDM2M2JjN2M0YzAiOnsiY3JlYXRlIjozMDAwMDAwMDAwMDAsImRlbGV0ZSI6MzAwMDAwMDAwMDAwLCJ1cGRhdGUiOjEyMDAwMDAwMDAwMH19",
          "dependencies": [
            "module.nat.aws_eip.nat",
            "module.nat.aws_nat_gateway.main",
            "module.nat.aws_route_table.private",
            "module.vpc.aws_subnet.private_c",
            "module.vpc.aws_subnet.public_a",
            "module.vpc.aws_subnet.public_c",
            "module.vpc.aws_vpc.main"
          ]
        }
      ]
    },
    {
      "module": "module.vpc",
      "mode": "managed",
      "type": "aws_internet_gateway",
      "name": "main",
      "provider": "provider[\"registry.terraform.io/hashicorp/aws\"]",
      "instances": [
        {
          "schema_version": 0,
          "attributes": {
            "arn": "arn:aws:ec2:ap-northeast-2:904233093972:internet-gateway/igw-00fce4de60d2a4a5f",
            "id": "igw-00fce4de60d2a4a5f",
            "owner_id": "904233093972",
            "tags": {
              "Name": "acc-igw"
            },
            "tags_all": {
              "Name": "acc-igw"
            },
            "timeouts": null,
            "vpc_id": "vpc-022dda9b7b5611c29"
          },
          "sensitive_attributes": [],
          "private": "eyJlMmJmYjczMC1lY2FhLTExZTYtOGY4OC0zNDM2M2JjN2M0YzAiOnsiY3JlYXRlIjoxMjAwMDAwMDAwMDAwLCJkZWxldGUiOjEyMDAwMDAwMDAwMDAsInVwZGF0ZSI6MTIwMDAwMDAwMDAwMH19",
          "dependencies": [
            "module.vpc.aws_vpc.main"
          ]
        }
      ]
    },
    {
      "module": "module.vpc",
      "mode": "managed",
      "type": "aws_route_table",
      "name": "public",
      "provider": "provider[\"registry.terraform.io/hashicorp/aws\"]",
      "instances": [
        {
          "schema_version": 0,
          "attributes": {
            "arn": "arn:aws:ec2:ap-northeast-2:904233093972:route-table/rtb-09f5dc16e2c8410f9",
            "id": "rtb-09f5dc16e2c8410f9",
            "owner_id": "904233093972",
            "propagating_vgws": [],
            "route": [
              {
                "carrier_gateway_id": "",
                "cidr_block": "0.0.0.0/0",
                "core_network_arn": "",
                "destination_prefix_list_id": "",
                "egress_only_gateway_id": "",
                "gateway_id": "igw-00fce4de60d2a4a5f",
                "ipv6_cidr_block": "",
                "local_gateway_id": "",
                "nat_gateway_id": "",
                "network_interface_id": "",
                "transit_gateway_id": "",
                "vpc_endpoint_id": "",
                "vpc_peering_connection_id": ""
              }
            ],
            "tags": {
              "Name": "acc-public-rt"
            },
            "tags_all": {
              "Name": "acc-public-rt"
            },
            "timeouts": null,
            "vpc_id": "vpc-022dda9b7b5611c29"
          },
          "sensitive_attributes": [],
          "private": "eyJlMmJmYjczMC1lY2FhLTExZTYtOGY4OC0zNDM2M2JjN2M0YzAiOnsiY3JlYXRlIjozMDAwMDAwMDAwMDAsImRlbGV0ZSI6MzAwMDAwMDAwMDAwLCJ1cGRhdGUiOjEyMDAwMDAwMDAwMH19",
          "dependencies": [
            "module.vpc.aws_internet_gateway.main",
            "module.vpc.aws_vpc.main"
          ]
        }
      ]
    },
    {
      "module": "module.vpc",
      "mode": "managed",
      "type": "aws_route_table_association",
      "name": "public_a",
      "provider": "provider[\"registry.terraform.io/hashicorp/aws\"]",
      "instances": [
        {
          "schema_version": 0,
          "attributes": {
            "gateway_id": "",
            "id": "rtbassoc-0f54969da6f1c0d13",
            "route_table_id": "rtb-09f5dc16e2c8410f9",
            "subnet_id": "subnet-07644a463fae0f33f",
            "timeouts": null
          },
          "sensitive_attributes": [],
          "private": "eyJlMmJmYjczMC1lY2FhLTExZTYtOGY4OC0zNDM2M2JjN2M0YzAiOnsiY3JlYXRlIjozMDAwMDAwMDAwMDAsImRlbGV0ZSI6MzAwMDAwMDAwMDAwLCJ1cGRhdGUiOjEyMDAwMDAwMDAwMH19",
          "dependencies": [
            "module.vpc.aws_internet_gateway.main",
            "module.vpc.aws_route_table.public",
            "module.vpc.aws_subnet.public_a",
            "module.vpc.aws_vpc.main"
          ]
        }
      ]
    },
    {
      "module": "module.vpc",
      "mode": "managed",
      "type": "aws_route_table_association",
      "name": "public_c",
      "provider": "provider[\"registry.terraform.io/hashicorp/aws\"]",
      "instances": [
        {
          "schema_version": 0,
          "attributes": {
            "gateway_id": "",
            "id": "rtbassoc-00ac1ce37cda57526",
            "route_table_id": "rtb-09f5dc16e2c8410f9",
            "subnet_id": "subnet-06dcd63247234d6c3",
            "timeouts": null
          },
          "sensitive_attributes": [],
          "private": "eyJlMmJmYjczMC1lY2FhLTExZTYtOGY4OC0zNDM2M2JjN2M0YzAiOnsiY3JlYXRlIjozMDAwMDAwMDAwMDAsImRlbGV0ZSI6MzAwMDAwMDAwMDAwLCJ1cGRhdGUiOjEyMDAwMDAwMDAwMH19",
          "dependencies": [
            "module.vpc.aws_internet_gateway.main",
            "module.vpc.aws_route_table.public",
            "module.vpc.aws_subnet.public_c",
            "module.vpc.aws_vpc.main"
          ]
        }
      ]
    },
    {
      "module": "module.vpc",
      "mode": "managed",
      "type": "aws_subnet",
      "name": "private_a",
      "provider": "provider[\"registry.terraform.io/hashicorp/aws\"]",
      "instances": [
        {
          "schema_version": 1,
          "attributes": {
            "arn": "arn:aws:ec2:ap-northeast-2:904233093972:subnet/subnet-0f7c449da92f38297",
            "assign_ipv6_address_on_creation": false,
            "availability_zone": "ap-northeast-2a",
            "availability_zone_id": "apne2-az1",
            "cidr_block": "172.16.10.0/24",
            "customer_owned_ipv4_pool": "",
            "enable_dns64": false,
            "enable_lni_at_device_index": 0,
            "enable_resource_name_dns_a_record_on_launch": false,
            "enable_resource_name_dns_aaaa_record_on_launch": false,
            "id": "subnet-0f7c449da92f38297",
            "ipv6_cidr_block": "",
            "ipv6_cidr_block_association_id": "",
            "ipv6_native": false,
            "map_customer_owned_ip_on_launch": false,
            "map_public_ip_on_launch": false,
            "outpost_arn": "",
            "owner_id": "904233093972",
            "private_dns_hostname_type_on_launch": "ip-name",
            "tags": {
              "Name": "acc-private-a"
            },
            "tags_all": {
              "Name": "acc-private-a"
            },
            "timeouts": null,
            "vpc_id": "vpc-022dda9b7b5611c29"
          },
          "sensitive_attributes": [],
          "private": "eyJlMmJmYjczMC1lY2FhLTExZTYtOGY4OC0zNDM2M2JjN2M0YzAiOnsiY3JlYXRlIjo2MDAwMDAwMDAwMDAsImRlbGV0ZSI6MTIwMDAwMDAwMDAwMH0sInNjaGVtYV92ZXJzaW9uIjoiMSJ9",
          "dependencies": [
            "module.vpc.aws_vpc.main"
          ]
        }
      ]
    },
    {
      "module": "module.vpc",
      "mode": "managed",
      "type": "aws_subnet",
      "name": "private_c",
      "provider": "provider[\"registry.terraform.io/hashicorp/aws\"]",
      "instances": [
        {
          "schema_version": 1,
          "attributes": {
            "arn": "arn:aws:ec2:ap-northeast-2:904233093972:subnet/subnet-0e6a173f9e3590a42",
            "assign_ipv6_address_on_creation": false,
            "availability_zone": "ap-northeast-2c",
            "availability_zone_id": "apne2-az3",
            "cidr_block": "172.16.11.0/24",
            "customer_owned_ipv4_pool": "",
            "enable_dns64": false,
            "enable_lni_at_device_index": 0,
            "enable_resource_name_dns_a_record_on_launch": false,
            "enable_resource_name_dns_aaaa_record_on_launch": false,
            "id": "subnet-0e6a173f9e3590a42",
            "ipv6_cidr_block": "",
            "ipv6_cidr_block_association_id": "",
            "ipv6_native": false,
            "map_customer_owned_ip_on_launch": false,
            "map_public_ip_on_launch": false,
            "outpost_arn": "",
            "owner_id": "904233093972",
            "private_dns_hostname_type_on_launch": "ip-name",
            "tags": {
              "Name": "acc-private-c"
            },
            "tags_all": {
              "Name": "acc-private-c"
            },
            "timeouts": null,
            "vpc_id": "vpc-022dda9b7b5611c29"
          },
          "sensitive_attributes": [],
          "private": "eyJlMmJmYjczMC1lY2FhLTExZTYtOGY4OC0zNDM2M2JjN2M0YzAiOnsiY3JlYXRlIjo2MDAwMDAwMDAwMDAsImRlbGV0ZSI6MTIwMDAwMDAwMDAwMH0sInNjaGVtYV92ZXJzaW9uIjoiMSJ9",
          "dependencies": [
            "module.vpc.aws_vpc.main"
          ]
        }
      ]
    },
    {
      "module": "module.vpc",
      "mode": "managed",
      "type": "aws_subnet",
      "name": "public_a",
      "provider": "provider[\"registry.terraform.io/hashicorp/aws\"]",
      "instances": [
        {
          "schema_version": 1,
          "attributes": {
            "arn": "arn:aws:ec2:ap-northeast-2:904233093972:subnet/subnet-07644a463fae0f33f",
            "assign_ipv6_address_on_creation": false,
            "availability_zone": "ap-northeast-2a",
            "availability_zone_id": "apne2-az1",
            "cidr_block": "172.16.0.0/24",
            "customer_owned_ipv4_pool": "",
            "enable_dns64": false,
            "enable_lni_at_device_index": 0,
            "enable_resource_name_dns_a_record_on_launch": false,
            "enable_resource_name_dns_aaaa_record_on_launch": false,
            "id": "subnet-07644a463fae0f33f",
            "ipv6_cidr_block": "",
            "ipv6_cidr_block_association_id": "",
            "ipv6_native": false,
            "map_customer_owned_ip_on_launch": false,
            "map_public_ip_on_launch": true,
            "outpost_arn": "",
            "owner_id": "904233093972",
            "private_dns_hostname_type_on_launch": "ip-name",
            "tags": {
              "Name": "acc-public-a"
            },
            "tags_all": {
              "Name": "acc-public-a"
            },
            "timeouts": null,
            "vpc_id": "vpc-022dda9b7b5611c29"
          },
          "sensitive_attributes": [],
          "private": "eyJlMmJmYjczMC1lY2FhLTExZTYtOGY4OC0zNDM2M2JjN2M0YzAiOnsiY3JlYXRlIjo2MDAwMDAwMDAwMDAsImRlbGV0ZSI6MTIwMDAwMDAwMDAwMH0sInNjaGVtYV92ZXJzaW9uIjoiMSJ9",
          "dependencies": [
            "module.vpc.aws_vpc.main"
          ]
        }
      ]
    },
    {
      "module": "module.vpc",
      "mode": "managed",
      "type": "aws_subnet",
      "name": "public_c",
      "provider": "provider[\"registry.terraform.io/hashicorp/aws\"]",
      "instances": [
        {
          "schema_version": 1,
          "attributes": {
            "arn": "arn:aws:ec2:ap-northeast-2:904233093972:subnet/subnet-06dcd63247234d6c3",
            "assign_ipv6_address_on_creation": false,
            "availability_zone": "ap-northeast-2c",
            "availability_zone_id": "apne2-az3",
            "cidr_block": "172.16.1.0/24",
            "customer_owned_ipv4_pool": "",
            "enable_dns64": false,
            "enable_lni_at_device_index": 0,
            "enable_resource_name_dns_a_record_on_launch": false,
            "enable_resource_name_dns_aaaa_record_on_launch": false,
            "id": "subnet-06dcd63247234d6c3",
            "ipv6_cidr_block": "",
            "ipv6_cidr_block_association_id": "",
            "ipv6_native": false,
            "map_customer_owned_ip_on_launch": false,
            "map_public_ip_on_launch": true,
            "outpost_arn": "",
            "owner_id": "904233093972",
            "private_dns_hostname_type_on_launch": "ip-name",
            "tags": {
              "Name": "acc-public-c"
            },
            "tags_all": {
              "Name": "acc-public-c"
            },
            "timeouts": null,
            "vpc_id": "vpc-022dda9b7b5611c29"
          },
          "sensitive_attributes": [],
          "private": "eyJlMmJmYjczMC1lY2FhLTExZTYtOGY4OC0zNDM2M2JjN2M0YzAiOnsiY3JlYXRlIjo2MDAwMDAwMDAwMDAsImRlbGV0ZSI6MTIwMDAwMDAwMDAwMH0sInNjaGVtYV92ZXJzaW9uIjoiMSJ9",
          "dependencies": [
            "module.vpc.aws_vpc.main"
          ]
        }
      ]
    },
    {
      "module": "module.vpc",
      "mode": "managed",
      "type": "aws_vpc",
      "name": "main",
      "provider": "provider[\"registry.terraform.io/hashicorp/aws\"]",
      "instances": [
        {
          "schema_version": 1,
          "attributes": {
            "arn": "arn:aws:ec2:ap-northeast-2:904233093972:vpc/vpc-022dda9b7b5611c29",
            "assign_generated_ipv6_cidr_block": false,
            "cidr_block": "172.16.0.0/16",
            "default_network_acl_id": "acl-0364c044a6e67b0ca",
            "default_route_table_id": "rtb-07f30be1f10e65419",
            "default_security_group_id": "sg-006fea03500ff9f5b",
            "dhcp_options_id": "dopt-0490827270c75f82b",
            "enable_dns_hostnames": true,
            "enable_dns_support": true,
            "enable_network_address_usage_metrics": false,
            "id": "vpc-022dda9b7b5611c29",
            "instance_tenancy": "default",
            "ipv4_ipam_pool_id": null,
            "ipv4_netmask_length": null,
            "ipv6_association_id": "",
            "ipv6_cidr_block": "",
            "ipv6_cidr_block_network_border_group": "",
            "ipv6_ipam_pool_id": "",
            "ipv6_netmask_length": 0,
            "main_route_table_id": "rtb-07f30be1f10e65419",
            "owner_id": "904233093972",
            "tags": {
              "Name": "acc-vpc"
            },
            "tags_all": {
              "Name": "acc-vpc"
            }
          },
          "sensitive_attributes": [],
          "private": "eyJzY2hlbWFfdmVyc2lvbiI6IjEifQ=="
        }
      ]
    }
  ],
  "check_results": null
}
